// !$*UTF8*$!
{
	archiveVersion = 1;
	classes = {
	};
	objectVersion = 56;
	objects = {

/* Begin PBXBuildFile section */
		04A1F1A72C8E4A9B00123456 /* ReadGoodApp.swift in Sources */ = {isa = PBXBuildFile; fileRef = 04A1F1A62C8E4A9B00123456 /* ReadGoodApp.swift */; };
		04A1F1A92C8E4A9B00123456 /* StatusBarController.swift in Sources */ = {isa = PBXBuildFile; fileRef = 04A1F1A82C8E4A9B00123456 /* StatusBarController.swift */; };
		04A1F1AB2C8E4A9B00123456 /* StoryMenuView.swift in Sources */ = {isa = PBXBuildFile; fileRef = 04A1F1AA2C8E4A9B00123456 /* StoryMenuView.swift */; };
		04A1F1AD2C8E4A9B00123456 /* SettingsView.swift in Sources */ = {isa = PBXBuildFile; fileRef = 04A1F1AC2C8E4A9B00123456 /* SettingsView.swift */; };
		04A1F1AF2C8E4A9B00123456 /* Story.swift in Sources */ = {isa = PBXBuildFile; fileRef = 04A1F1AE2C8E4A9B00123456 /* Story.swift */; };
		04A1F1B12C8E4A9B00123456 /* Tag.swift in Sources */ = {isa = PBXBuildFile; fileRef = 04A1F1B02C8E4A9B00123456 /* Tag.swift */; };
		04A1F1B32C8E4A9B00123456 /* DataController.swift in Sources */ = {isa = PBXBuildFile; fileRef = 04A1F1B22C8E4A9B00123456 /* DataController.swift */; };
		04A1F1B52C8E4A9B00123456 /* StoryManager.swift in Sources */ = {isa = PBXBuildFile; fileRef = 04A1F1B42C8E4A9B00123456 /* StoryManager.swift */; };
		04A1F1B72C8E4A9B00123456 /* HackerNewsAPI.swift in Sources */ = {isa = PBXBuildFile; fileRef = 04A1F1B62C8E4A9B00123456 /* HackerNewsAPI.swift */; };
		04A1F1B92C8E4A9B00123456 /* RedditAPI.swift in Sources */ = {isa = PBXBuildFile; fileRef = 04A1F1B82C8E4A9B00123456 /* RedditAPI.swift */; };
		04A1F1BB2C8E4A9B00123456 /* PinboardAPI.swift in Sources */ = {isa = PBXBuildFile; fileRef = 04A1F1BA2C8E4A9B00123456 /* PinboardAPI.swift */; };
		04A1F1BD2C8E4A9B00123456 /* ClaudeService.swift in Sources */ = {isa = PBXBuildFile; fileRef = 04A1F1BC2C8E4A9B00123456 /* ClaudeService.swift */; };
		04A1F1BF2C8E4A9B00123456 /* ArchiveService.swift in Sources */ = {isa = PBXBuildFile; fileRef = 04A1F1BE2C8E4A9B00123456 /* ArchiveService.swift */; };
		04A1F1C12C8E4A9B00123456 /* ReadGoodModel.xcdatamodeld in Sources */ = {isa = PBXBuildFile; fileRef = 04A1F1C02C8E4A9B00123456 /* ReadGoodModel.xcdatamodeld */; };
		742648562DF0CBEE00663A5C /* RedditCredentialsView.swift in Sources */ = {isa = PBXBuildFile; fileRef = 742648532DF0CBEE00663A5C /* RedditCredentialsView.swift */; };
		742648572DF0CBEE00663A5C /* TagSelectionView.swift in Sources */ = {isa = PBXBuildFile; fileRef = 742648542DF0CBEE00663A5C /* TagSelectionView.swift */; };
		742648582DF0CBEE00663A5C /* CredentialManager.swift in Sources */ = {isa = PBXBuildFile; fileRef = 742648512DF0CBEE00663A5C /* CredentialManager.swift */; };
/* End PBXBuildFile section */

/* Begin PBXFileReference section */
		04A1F1A32C8E4A9B00123456 /* ReadGood.app */ = {isa = PBXFileReference; explicitFileType = wrapper.application; includeInIndex = 0; path = ReadGood.app; sourceTree = BUILT_PRODUCTS_DIR; };
		04A1F1A62C8E4A9B00123456 /* ReadGoodApp.swift */ = {isa = PBXFileReference; lastKnownFileType = sourcecode.swift; path = ReadGoodApp.swift; sourceTree = "<group>"; };
		04A1F1A82C8E4A9B00123456 /* StatusBarController.swift */ = {isa = PBXFileReference; lastKnownFileType = sourcecode.swift; path = StatusBarController.swift; sourceTree = "<group>"; };
		04A1F1AA2C8E4A9B00123456 /* StoryMenuView.swift */ = {isa = PBXFileReference; lastKnownFileType = sourcecode.swift; path = StoryMenuView.swift; sourceTree = "<group>"; };
		04A1F1AC2C8E4A9B00123456 /* SettingsView.swift */ = {isa = PBXFileReference; lastKnownFileType = sourcecode.swift; path = SettingsView.swift; sourceTree = "<group>"; };
		04A1F1AE2C8E4A9B00123456 /* Story.swift */ = {isa = PBXFileReference; lastKnownFileType = sourcecode.swift; path = Story.swift; sourceTree = "<group>"; };
		04A1F1B02C8E4A9B00123456 /* Tag.swift */ = {isa = PBXFileReference; lastKnownFileType = sourcecode.swift; path = Tag.swift; sourceTree = "<group>"; };
		04A1F1B22C8E4A9B00123456 /* DataController.swift */ = {isa = PBXFileReference; lastKnownFileType = sourcecode.swift; path = DataController.swift; sourceTree = "<group>"; };
		04A1F1B42C8E4A9B00123456 /* StoryManager.swift */ = {isa = PBXFileReference; lastKnownFileType = sourcecode.swift; path = StoryManager.swift; sourceTree = "<group>"; };
		04A1F1B62C8E4A9B00123456 /* HackerNewsAPI.swift */ = {isa = PBXFileReference; lastKnownFileType = sourcecode.swift; path = HackerNewsAPI.swift; sourceTree = "<group>"; };
		04A1F1B82C8E4A9B00123456 /* RedditAPI.swift */ = {isa = PBXFileReference; lastKnownFileType = sourcecode.swift; path = RedditAPI.swift; sourceTree = "<group>"; };
		04A1F1BA2C8E4A9B00123456 /* PinboardAPI.swift */ = {isa = PBXFileReference; lastKnownFileType = sourcecode.swift; path = PinboardAPI.swift; sourceTree = "<group>"; };
		04A1F1BC2C8E4A9B00123456 /* ClaudeService.swift */ = {isa = PBXFileReference; lastKnownFileType = sourcecode.swift; path = ClaudeService.swift; sourceTree = "<group>"; };
		04A1F1BE2C8E4A9B00123456 /* ArchiveService.swift */ = {isa = PBXFileReference; lastKnownFileType = sourcecode.swift; path = ArchiveService.swift; sourceTree = "<group>"; };
		04A1F1C22C8E4A9B00123456 /* Info.plist */ = {isa = PBXFileReference; lastKnownFileType = text.plist.xml; path = Info.plist; sourceTree = "<group>"; };
		04A1F1C32C8E4A9B00123456 /* ReadGood.entitlements */ = {isa = PBXFileReference; lastKnownFileType = text.plist.entitlements; path = ReadGood.entitlements; sourceTree = "<group>"; };
		04A1F1D02C8E4A9B00123456 /* ReadGoodModel.xcdatamodel */ = {isa = PBXFileReference; lastKnownFileType = wrapper.xcdatamodel; path = ReadGoodModel.xcdatamodel; sourceTree = "<group>"; };
		742648512DF0CBEE00663A5C /* CredentialManager.swift */ = {isa = PBXFileReference; lastKnownFileType = sourcecode.swift; path = CredentialManager.swift; sourceTree = "<group>"; };
		742648532DF0CBEE00663A5C /* RedditCredentialsView.swift */ = {isa = PBXFileReference; lastKnownFileType = sourcecode.swift; path = RedditCredentialsView.swift; sourceTree = "<group>"; };
		742648542DF0CBEE00663A5C /* TagSelectionView.swift */ = {isa = PBXFileReference; lastKnownFileType = sourcecode.swift; path = TagSelectionView.swift; sourceTree = "<group>"; };
/* End PBXFileReference section */

/* Begin PBXFrameworksBuildPhase section */
		04A1F1A02C8E4A9B00123456 /* Frameworks */ = {
			isa = PBXFrameworksBuildPhase;
			buildActionMask = 2147483647;
			files = (
			);
			runOnlyForDeploymentPostprocessing = 0;
		};
/* End PBXFrameworksBuildPhase section */

/* Begin PBXGroup section */
		04A1F19A2C8E4A9B00123456 = {
			isa = PBXGroup;
			children = (
				04A1F1A52C8E4A9B00123456 /* ReadGood */,
				04A1F1A42C8E4A9B00123456 /* Products */,
			);
			sourceTree = "<group>";
		};
		04A1F1A42C8E4A9B00123456 /* Products */ = {
			isa = PBXGroup;
			children = (
				04A1F1A32C8E4A9B00123456 /* ReadGood.app */,
			);
			name = Products;
			sourceTree = "<group>";
		};
		04A1F1A52C8E4A9B00123456 /* ReadGood */ = {
			isa = PBXGroup;
			children = (
				04A1F1A62C8E4A9B00123456 /* ReadGoodApp.swift */,
				04A1F1A82C8E4A9B00123456 /* StatusBarController.swift */,
				04A1F1C42C8E4A9B00123456 /* Views */,
				04A1F1C52C8E4A9B00123456 /* Models */,
				04A1F1C62C8E4A9B00123456 /* Core Data */,
				04A1F1C72C8E4A9B00123456 /* Services */,
				04A1F1C22C8E4A9B00123456 /* Info.plist */,
				04A1F1C32C8E4A9B00123456 /* ReadGood.entitlements */,
			);
			path = ReadGood;
			sourceTree = "<group>";
		};
		04A1F1C42C8E4A9B00123456 /* Views */ = {
			isa = PBXGroup;
			children = (
				04A1F1AA2C8E4A9B00123456 /* StoryMenuView.swift */,
				04A1F1AC2C8E4A9B00123456 /* SettingsView.swift */,
				742648532DF0CBEE00663A5C /* RedditCredentialsView.swift */,
				742648542DF0CBEE00663A5C /* TagSelectionView.swift */,
			);
			path = Views;
			sourceTree = "<group>";
		};
		04A1F1C52C8E4A9B00123456 /* Models */ = {
			isa = PBXGroup;
			children = (
				04A1F1AE2C8E4A9B00123456 /* Story.swift */,
				04A1F1B02C8E4A9B00123456 /* Tag.swift */,
			);
			path = Models;
			sourceTree = "<group>";
		};
		04A1F1C62C8E4A9B00123456 /* Core Data */ = {
			isa = PBXGroup;
			children = (
				04A1F1B22C8E4A9B00123456 /* DataController.swift */,
				04A1F1C02C8E4A9B00123456 /* ReadGoodModel.xcdatamodeld */,
			);
			path = "Core Data";
			sourceTree = "<group>";
		};
		04A1F1C72C8E4A9B00123456 /* Services */ = {
			isa = PBXGroup;
			children = (
				04A1F1B42C8E4A9B00123456 /* StoryManager.swift */,
				04A1F1BC2C8E4A9B00123456 /* ClaudeService.swift */,
				04A1F1BE2C8E4A9B00123456 /* ArchiveService.swift */,
				742648512DF0CBEE00663A5C /* CredentialManager.swift */,
				04A1F1C82C8E4A9B00123456 /* API */,
			);
			path = Services;
			sourceTree = "<group>";
		};
		04A1F1C82C8E4A9B00123456 /* API */ = {
			isa = PBXGroup;
			children = (
				04A1F1B62C8E4A9B00123456 /* HackerNewsAPI.swift */,
				04A1F1B82C8E4A9B00123456 /* RedditAPI.swift */,
				04A1F1BA2C8E4A9B00123456 /* PinboardAPI.swift */,
			);
			path = API;
			sourceTree = "<group>";
		};
/* End PBXGroup section */

/* Begin PBXNativeTarget section */
		04A1F1A22C8E4A9B00123456 /* ReadGood */ = {
			isa = PBXNativeTarget;
			buildConfigurationList = 04A1F1C92C8E4A9B00123456 /* Build configuration list for PBXNativeTarget "ReadGood" */;
			buildPhases = (
				04A1F19F2C8E4A9B00123456 /* Sources */,
				04A1F1A02C8E4A9B00123456 /* Frameworks */,
				04A1F1A12C8E4A9B00123456 /* Resources */,
			);
			buildRules = (
			);
			dependencies = (
			);
			name = ReadGood;
			productName = ReadGood;
			productReference = 04A1F1A32C8E4A9B00123456 /* ReadGood.app */;
			productType = "com.apple.product-type.application";
		};
/* End PBXNativeTarget section */

/* Begin PBXProject section */
		04A1F19B2C8E4A9B00123456 /* Project object */ = {
			isa = PBXProject;
			attributes = {
				BuildIndependentTargetsInParallel = 1;
				LastSwiftUpdateCheck = 1540;
				LastUpgradeCheck = 1540;
				TargetAttributes = {
					04A1F1A22C8E4A9B00123456 = {
						CreatedOnToolsVersion = 15.4;
					};
				};
			};
			buildConfigurationList = 04A1F19E2C8E4A9B00123456 /* Build configuration list for PBXProject "ReadGood" */;
			compatibilityVersion = "Xcode 14.0";
			developmentRegion = en;
			hasScannedForEncodings = 0;
			knownRegions = (
				en,
				Base,
			);
			mainGroup = 04A1F19A2C8E4A9B00123456;
			productRefGroup = 04A1F1A42C8E4A9B00123456 /* Products */;
			projectDirPath = "";
			projectRoot = "";
			targets = (
				04A1F1A22C8E4A9B00123456 /* ReadGood */,
			);
		};
/* End PBXProject section */

/* Begin PBXResourcesBuildPhase section */
		04A1F1A12C8E4A9B00123456 /* Resources */ = {
			isa = PBXResourcesBuildPhase;
			buildActionMask = 2147483647;
			files = (
			);
			runOnlyForDeploymentPostprocessing = 0;
		};
/* End PBXResourcesBuildPhase section */

/* Begin PBXSourcesBuildPhase section */
		04A1F19F2C8E4A9B00123456 /* Sources */ = {
			isa = PBXSourcesBuildPhase;
			buildActionMask = 2147483647;
			files = (
				04A1F1A72C8E4A9B00123456 /* ReadGoodApp.swift in Sources */,
				04A1F1A92C8E4A9B00123456 /* StatusBarController.swift in Sources */,
				04A1F1AB2C8E4A9B00123456 /* StoryMenuView.swift in Sources */,
				04A1F1AD2C8E4A9B00123456 /* SettingsView.swift in Sources */,
				04A1F1AF2C8E4A9B00123456 /* Story.swift in Sources */,
				04A1F1B12C8E4A9B00123456 /* Tag.swift in Sources */,
				04A1F1B32C8E4A9B00123456 /* DataController.swift in Sources */,
				742648562DF0CBEE00663A5C /* RedditCredentialsView.swift in Sources */,
				742648572DF0CBEE00663A5C /* TagSelectionView.swift in Sources */,
				742648582DF0CBEE00663A5C /* CredentialManager.swift in Sources */,
				04A1F1B52C8E4A9B00123456 /* StoryManager.swift in Sources */,
				04A1F1B72C8E4A9B00123456 /* HackerNewsAPI.swift in Sources */,
				04A1F1B92C8E4A9B00123456 /* RedditAPI.swift in Sources */,
				04A1F1BB2C8E4A9B00123456 /* PinboardAPI.swift in Sources */,
				04A1F1BD2C8E4A9B00123456 /* ClaudeService.swift in Sources */,
				04A1F1BF2C8E4A9B00123456 /* ArchiveService.swift in Sources */,
				04A1F1C12C8E4A9B00123456 /* ReadGoodModel.xcdatamodeld in Sources */,
			);
			runOnlyForDeploymentPostprocessing = 0;
		};
/* End PBXSourcesBuildPhase section */

/* Begin XCBuildConfiguration section */
		04A1F1CA2C8E4A9B00123456 /* Debug */ = {
			isa = XCBuildConfiguration;
			buildSettings = {
				ALWAYS_SEARCH_USER_PATHS = NO;
				ASSETCATALOG_COMPILER_GENERATE_SWIFT_ASSET_SYMBOL_EXTENSIONS = YES;
				CLANG_ANALYZER_NONNULL = YES;
				CLANG_ANALYZER_NUMBER_OBJECT_CONVERSION = YES_AGGRESSIVE;
				CLANG_CXX_LANGUAGE_STANDARD = "gnu++20";
				CLANG_ENABLE_MODULES = YES;
				CLANG_ENABLE_OBJC_ARC = YES;
				CLANG_ENABLE_OBJC_WEAK = YES;
				CLANG_WARN_BLOCK_CAPTURE_AUTORELEASING = YES;
				CLANG_WARN_BOOL_CONVERSION = YES;
				CLANG_WARN_COMMA = YES;
				CLANG_WARN_CONSTANT_CONVERSION = YES;
				CLANG_WARN_DEPRECATED_OBJC_IMPLEMENTATIONS = YES;
				CLANG_WARN_DIRECT_OBJC_ISA_USAGE = YES_ERROR;
				CLANG_WARN_DOCUMENTATION_COMMENTS = YES;
				CLANG_WARN_EMPTY_BODY = YES;
				CLANG_WARN_ENUM_CONVERSION = YES;
				CLANG_WARN_INFINITE_RECURSION = YES;
				CLANG_WARN_INT_CONVERSION = YES;
				CLANG_WARN_NON_LITERAL_NULL_CONVERSION = YES;
				CLANG_WARN_OBJC_IMPLICIT_RETAIN_SELF = YES;
				CLANG_WARN_OBJC_LITERAL_CONVERSION = YES;
				CLANG_WARN_OBJC_ROOT_CLASS = YES_ERROR;
				CLANG_WARN_QUOTED_INCLUDE_IN_FRAMEWORK_HEADER = YES;
				CLANG_WARN_RANGE_LOOP_ANALYSIS = YES;
				CLANG_WARN_STRICT_PROTOTYPES = YES;
				CLANG_WARN_SUSPICIOUS_MOVE = YES;
				CLANG_WARN_UNGUARDED_AVAILABILITY = YES_AGGRESSIVE;
				CLANG_WARN_UNREACHABLE_CODE = YES;
				CLANG_WARN__DUPLICATE_METHOD_MATCH = YES;
				COPY_PHASE_STRIP = NO;
				DEBUG_INFORMATION_FORMAT = dwarf;
				ENABLE_STRICT_OBJC_MSGSEND = YES;
				ENABLE_TESTABILITY = YES;
				ENABLE_USER_SCRIPT_SANDBOXING = YES;
				GCC_C_LANGUAGE_STANDARD = gnu17;
				GCC_DYNAMIC_NO_PIC = NO;
				GCC_NO_COMMON_BLOCKS = YES;
				GCC_OPTIMIZATION_LEVEL = 0;
				GCC_PREPROCESSOR_DEFINITIONS = (
					"DEBUG=1",
					"$(inherited)",
				);
				GCC_WARN_64_TO_32_BIT_CONVERSION = YES;
				GCC_WARN_ABOUT_RETURN_TYPE = YES_ERROR;
				GCC_WARN_UNDECLARED_SELECTOR = YES;
				GCC_WARN_UNINITIALIZED_AUTOS = YES_AGGRESSIVE;
				GCC_WARN_UNUSED_FUNCTION = YES;
				GCC_WARN_UNUSED_VARIABLE = YES;
				LOCALIZATION_PREFERS_STRING_CATALOGS = YES;
				MACOSX_DEPLOYMENT_TARGET = 13.0;
				MTL_ENABLE_DEBUG_INFO = INCLUDE_SOURCE;
				MTL_FAST_MATH = YES;
				ONLY_ACTIVE_ARCH = YES;
				SDKROOT = macosx;
				SWIFT_ACTIVE_COMPILATION_CONDITIONS = "DEBUG $(inherited)";
				SWIFT_OPTIMIZATION_LEVEL = "-Onone";
			};
			name = Debug;
		};
		04A1F1CB2C8E4A9B00123456 /* Release */ = {
			isa = XCBuildConfiguration;
			buildSettings = {
				ALWAYS_SEARCH_USER_PATHS = NO;
				ASSETCATALOG_COMPILER_GENERATE_SWIFT_ASSET_SYMBOL_EXTENSIONS = YES;
				CLANG_ANALYZER_NONNULL = YES;
				CLANG_ANALYZER_NUMBER_OBJECT_CONVERSION = YES_AGGRESSIVE;
				CLANG_CXX_LANGUAGE_STANDARD = "gnu++20";
				CLANG_ENABLE_MODULES = YES;
				CLANG_ENABLE_OBJC_ARC = YES;
				CLANG_ENABLE_OBJC_WEAK = YES;
				CLANG_WARN_BLOCK_CAPTURE_AUTORELEASING = YES;
				CLANG_WARN_BOOL_CONVERSION = YES;
				CLANG_WARN_COMMA = YES;
				CLANG_WARN_CONSTANT_CONVERSION = YES;
				CLANG_WARN_DEPRECATED_OBJC_IMPLEMENTATIONS = YES;
				CLANG_WARN_DIRECT_OBJC_ISA_USAGE = YES_ERROR;
				CLANG_WARN_DOCUMENTATION_COMMENTS = YES;
				CLANG_WARN_EMPTY_BODY = YES;
				CLANG_WARN_ENUM_CONVERSION = YES;
				CLANG_WARN_INFINITE_RECURSION = YES;
				CLANG_WARN_INT_CONVERSION = YES;
				CLANG_WARN_NON_LITERAL_NULL_CONVERSION = YES;
				CLANG_WARN_OBJC_IMPLICIT_RETAIN_SELF = YES;
				CLANG_WARN_OBJC_LITERAL_CONVERSION = YES;
				CLANG_WARN_OBJC_ROOT_CLASS = YES_ERROR;
				CLANG_WARN_QUOTED_INCLUDE_IN_FRAMEWORK_HEADER = YES;
				CLANG_WARN_RANGE_LOOP_ANALYSIS = YES;
				CLANG_WARN_STRICT_PROTOTYPES = YES;
				CLANG_WARN_SUSPICIOUS_MOVE = YES;
				CLANG_WARN_UNGUARDED_AVAILABILITY = YES_AGGRESSIVE;
				CLANG_WARN_UNREACHABLE_CODE = YES;
				CLANG_WARN__DUPLICATE_METHOD_MATCH = YES;
				COPY_PHASE_STRIP = NO;
				DEBUG_INFORMATION_FORMAT = "dwarf-with-dsym";
				ENABLE_NS_ASSERTIONS = NO;
				ENABLE_STRICT_OBJC_MSGSEND = YES;
				ENABLE_USER_SCRIPT_SANDBOXING = YES;
				GCC_C_LANGUAGE_STANDARD = gnu17;
				GCC_NO_COMMON_BLOCKS = YES;
				GCC_WARN_64_TO_32_BIT_CONVERSION = YES;
				GCC_WARN_ABOUT_RETURN_TYPE = YES_ERROR;
				GCC_WARN_UNDECLARED_SELECTOR = YES;
				GCC_WARN_UNINITIALIZED_AUTOS = YES_AGGRESSIVE;
				GCC_WARN_UNUSED_FUNCTION = YES;
				GCC_WARN_UNUSED_VARIABLE = YES;
				LOCALIZATION_PREFERS_STRING_CATALOGS = YES;
				MACOSX_DEPLOYMENT_TARGET = 13.0;
				MTL_ENABLE_DEBUG_INFO = NO;
				MTL_FAST_MATH = YES;
				SDKROOT = macosx;
				SWIFT_COMPILATION_MODE = wholemodule;
			};
			name = Release;
		};
		04A1F1CC2C8E4A9B00123456 /* Debug */ = {
			isa = XCBuildConfiguration;
			buildSettings = {
				ASSETCATALOG_COMPILER_APPICON_NAME = AppIcon;
				ASSETCATALOG_COMPILER_GLOBAL_ACCENT_COLOR_NAME = AccentColor;
				CODE_SIGN_ENTITLEMENTS = ReadGood/ReadGood.entitlements;
				CODE_SIGN_STYLE = Automatic;
				COMBINE_HIDPI_IMAGES = YES;
				CURRENT_PROJECT_VERSION = 1;
				DEVELOPMENT_TEAM = "";
				ENABLE_HARDENED_RUNTIME = YES;
				ENABLE_PREVIEWS = YES;
				GENERATE_INFOPLIST_FILE = NO;
				INFOPLIST_FILE = ReadGood/Info.plist;
				INFOPLIST_KEY_CFBundleDisplayName = ReadGood;
				INFOPLIST_KEY_LSApplicationCategoryType = "public.app-category.news";
				INFOPLIST_KEY_LSUIElement = YES;
				INFOPLIST_KEY_NSHumanReadableCopyright = "";
				LD_RUNPATH_SEARCH_PATHS = (
					"$(inherited)",
					"@executable_path/../Frameworks",
				);
				MACOSX_DEPLOYMENT_TARGET = 13.0;
				MARKETING_VERSION = 1.0;
				PRODUCT_BUNDLE_IDENTIFIER = com.readgood.app;
				PRODUCT_NAME = "$(TARGET_NAME)";
				SWIFT_EMIT_LOC_STRINGS = YES;
				SWIFT_VERSION = 5.0;
			};
			name = Debug;
		};
		04A1F1CD2C8E4A9B00123456 /* Release */ = {
			isa = XCBuildConfiguration;
			buildSettings = {
				ASSETCATALOG_COMPILER_APPICON_NAME = AppIcon;
				ASSETCATALOG_COMPILER_GLOBAL_ACCENT_COLOR_NAME = AccentColor;
				CODE_SIGN_ENTITLEMENTS = ReadGood/ReadGood.entitlements;
				CODE_SIGN_STYLE = Automatic;
				COMBINE_HIDPI_IMAGES = YES;
				CURRENT_PROJECT_VERSION = 1;
				DEVELOPMENT_TEAM = "";
				ENABLE_HARDENED_RUNTIME = YES;
				ENABLE_PREVIEWS = YES;
				GENERATE_INFOPLIST_FILE = NO;
				INFOPLIST_FILE = ReadGood/Info.plist;
				INFOPLIST_KEY_CFBundleDisplayName = ReadGood;
				INFOPLIST_KEY_LSApplicationCategoryType = "public.app-category.news";
				INFOPLIST_KEY_LSUIElement = YES;
				INFOPLIST_KEY_NSHumanReadableCopyright = "";
				LD_RUNPATH_SEARCH_PATHS = (
					"$(inherited)",
					"@executable_path/../Frameworks",
				);
				MACOSX_DEPLOYMENT_TARGET = 13.0;
				MARKETING_VERSION = 1.0;
				PRODUCT_BUNDLE_IDENTIFIER = com.readgood.app;
				PRODUCT_NAME = "$(TARGET_NAME)";
				SWIFT_EMIT_LOC_STRINGS = YES;
				SWIFT_VERSION = 5.0;
			};
			name = Release;
		};
/* End XCBuildConfiguration section */

/* Begin XCConfigurationList section */
		04A1F19E2C8E4A9B00123456 /* Build configuration list for PBXProject "ReadGood" */ = {
			isa = XCConfigurationList;
			buildConfigurations = (
				04A1F1CA2C8E4A9B00123456 /* Debug */,
				04A1F1CB2C8E4A9B00123456 /* Release */,
			);
			defaultConfigurationIsVisible = 0;
			defaultConfigurationName = Release;
		};
		04A1F1C92C8E4A9B00123456 /* Build configuration list for PBXNativeTarget "ReadGood" */ = {
			isa = XCConfigurationList;
			buildConfigurations = (
				04A1F1CC2C8E4A9B00123456 /* Debug */,
				04A1F1CD2C8E4A9B00123456 /* Release */,
			);
			defaultConfigurationIsVisible = 0;
			defaultConfigurationName = Release;
		};
/* End XCConfigurationList section */

/* Begin XCVersionGroup section */
		04A1F1C02C8E4A9B00123456 /* ReadGoodModel.xcdatamodeld */ = {
			isa = XCVersionGroup;
			children = (
				04A1F1D02C8E4A9B00123456 /* ReadGoodModel.xcdatamodel */,
			);
			currentVersion = 04A1F1D02C8E4A9B00123456 /* ReadGoodModel.xcdatamodel */;
			path = ReadGoodModel.xcdatamodeld;
			sourceTree = "<group>";
			versionGroupType = wrapper.xcdatamodel;
		};
/* End XCVersionGroup section */
	};
	rootObject = 04A1F19B2C8E4A9B00123456 /* Project object */;
}
